# THIS IS AN AUTOGENERATED FILE. DO NOT EDIT THIS FILE DIRECTLY.
# yarn lockfile v1


monaco-editor@^0.33.0:
  version "0.33.0"
  resolved "https://registry.yarnpkg.com/monaco-editor/-/monaco-editor-0.33.0.tgz#842e244f3750a2482f8a29c676b5684e75ff34af"
  integrity sha512-VcRWPSLIUEgQJQIE0pVT8FcGBIgFoxz7jtqctE+IiCxWugD0DwgyQBcZBhdSrdMC84eumoqMZsGl2GTreOzwqw==

normalize-wheel@^1.0.1:
  version "1.0.1"
  resolved "https://registry.yarnpkg.com/normalize-wheel/-/normalize-wheel-1.0.1.tgz#aec886affdb045070d856447df62ecf86146ec45"
  integrity sha1-rsiGr/2wRQcNhWRH32Ls+GFG7EU=

react-easy-crop@^4.1.4:
  version "4.1.4"
  resolved "https://registry.yarnpkg.com/react-easy-crop/-/react-easy-crop-4.1.4.tgz#71543f7156f038b37bc45c4b7eb141173e623d38"
  integrity sha512-Gw07jxdeJAGQAFybyNa2HYzviNjNJ3lyNTEApbA0zHcZ9N8f77iH3w1dEB5PbxbrG+LXvxFmMPNgMBoDpz27tQ==
  dependencies:
    normalize-wheel "^1.0.1"
    tslib "2.0.1"

tslib@2.0.1:
  version "2.0.1"
  resolved "https://registry.yarnpkg.com/tslib/-/tslib-2.0.1.tgz#410eb0d113e5b6356490eec749603725b021b43e"
  integrity sha512-SgIkNheinmEBgx1IUNirK0TUD4X9yjjBRTqqjggWCU3pUEqIk3/Uwl3yRixYKT6WjQuGiwDv4NomL3wqRCj+CQ==
